
Microsoft Visual Studio Solution File, Format Version 12.00
# Visual Studio Version 16
VisualStudioVersion = 16.0.32126.315
MinimumVisualStudioVersion = 10.0.40219.1
Project("{FAE04EC0-301F-11D3-BF4B-00C04F79EFBC}") = "Celcius-Fahrenheit", "Celcius-Fahrenheit\Celcius-Fahrenheit.csproj", "{FD077808-D313-4D73-AD95-6475439AD7C1}"
EndProject
Global
	GlobalSection(SolutionConfigurationPlatforms) = preSolution
		Debug|Any CPU = Debug|Any CPU
		Release|Any CPU = Release|Any CPU
	EndGlobalSection
	GlobalSection(ProjectConfigurationPlatforms) = postSolution
		{FD077808-D313-4D73-AD95-6475439AD7C1}.Debug|Any CPU.ActiveCfg = Debug|Any CPU
		{FD077808-D313-4D73-AD95-6475439AD7C1}.Debug|Any CPU.Build.0 = Debug|Any CPU
		{FD077808-D313-4D73-AD95-6475439AD7C1}.Release|Any CPU.ActiveCfg = Release|Any CPU
		{FD077808-D313-4D73-AD95-6475439AD7C1}.Release|Any CPU.Build.0 = Release|Any CPU
	EndGlobalSection
	GlobalSection(SolutionProperties) = preSolution
		HideSolutionNode = FALSE
	EndGlobalSection
	GlobalSection(ExtensibilityGlobals) = postSolution
		SolutionGuid = {44F563B9-B7DD-45E3-B48D-DB51BBFA71E4}
	EndGlobalSection
EndGlobal
