
Microsoft Visual Studio Solution File, Format Version 12.00
# Visual Studio Version 16
VisualStudioVersion = 16.0.32126.315
MinimumVisualStudioVersion = 10.0.40219.1
Project("{FAE04EC0-301F-11D3-BF4B-00C04F79EFBC}") = "Tek mi Cift mi", "Tek mi Cift mi\Tek mi Cift mi.csproj", "{ED034EEA-83BC-4143-B18E-EBE8612C9FC2}"
EndProject
Global
	GlobalSection(SolutionConfigurationPlatforms) = preSolution
		Debug|Any CPU = Debug|Any CPU
		Release|Any CPU = Release|Any CPU
	EndGlobalSection
	GlobalSection(ProjectConfigurationPlatforms) = postSolution
		{ED034EEA-83BC-4143-B18E-EBE8612C9FC2}.Debug|Any CPU.ActiveCfg = Debug|Any CPU
		{ED034EEA-83BC-4143-B18E-EBE8612C9FC2}.Debug|Any CPU.Build.0 = Debug|Any CPU
		{ED034EEA-83BC-4143-B18E-EBE8612C9FC2}.Release|Any CPU.ActiveCfg = Release|Any CPU
		{ED034EEA-83BC-4143-B18E-EBE8612C9FC2}.Release|Any CPU.Build.0 = Release|Any CPU
	EndGlobalSection
	GlobalSection(SolutionProperties) = preSolution
		HideSolutionNode = FALSE
	EndGlobalSection
	GlobalSection(ExtensibilityGlobals) = postSolution
		SolutionGuid = {33EF6438-2709-42B3-B5C2-8EF8A1490D60}
	EndGlobalSection
EndGlobal
