
Microsoft Visual Studio Solution File, Format Version 12.00
# Visual Studio Version 16
VisualStudioVersion = 16.0.32126.315
MinimumVisualStudioVersion = 10.0.40219.1
Project("{FAE04EC0-301F-11D3-BF4B-00C04F79EFBC}") = "Asal Sayi Listeleme", "Asal Sayi Listeleme\Asal Sayi Listeleme.csproj", "{6EAFA88C-FE80-4BAC-96D4-9EFC6FBD2812}"
EndProject
Global
	GlobalSection(SolutionConfigurationPlatforms) = preSolution
		Debug|Any CPU = Debug|Any CPU
		Release|Any CPU = Release|Any CPU
	EndGlobalSection
	GlobalSection(ProjectConfigurationPlatforms) = postSolution
		{6EAFA88C-FE80-4BAC-96D4-9EFC6FBD2812}.Debug|Any CPU.ActiveCfg = Debug|Any CPU
		{6EAFA88C-FE80-4BAC-96D4-9EFC6FBD2812}.Debug|Any CPU.Build.0 = Debug|Any CPU
		{6EAFA88C-FE80-4BAC-96D4-9EFC6FBD2812}.Release|Any CPU.ActiveCfg = Release|Any CPU
		{6EAFA88C-FE80-4BAC-96D4-9EFC6FBD2812}.Release|Any CPU.Build.0 = Release|Any CPU
	EndGlobalSection
	GlobalSection(SolutionProperties) = preSolution
		HideSolutionNode = FALSE
	EndGlobalSection
	GlobalSection(ExtensibilityGlobals) = postSolution
		SolutionGuid = {221AB9A3-0756-4F33-B9E0-BDF86EB6A573}
	EndGlobalSection
EndGlobal
