
Microsoft Visual Studio Solution File, Format Version 12.00
# Visual Studio Version 16
VisualStudioVersion = 16.0.32126.315
MinimumVisualStudioVersion = 10.0.40219.1
Project("{FAE04EC0-301F-11D3-BF4B-00C04F79EFBC}") = "Sayilarin Toplami", "Sayilarin Toplami\Sayilarin Toplami.csproj", "{8DD71FFE-8189-413D-AAF8-6FAE0B971236}"
EndProject
Global
	GlobalSection(SolutionConfigurationPlatforms) = preSolution
		Debug|Any CPU = Debug|Any CPU
		Release|Any CPU = Release|Any CPU
	EndGlobalSection
	GlobalSection(ProjectConfigurationPlatforms) = postSolution
		{8DD71FFE-8189-413D-AAF8-6FAE0B971236}.Debug|Any CPU.ActiveCfg = Debug|Any CPU
		{8DD71FFE-8189-413D-AAF8-6FAE0B971236}.Debug|Any CPU.Build.0 = Debug|Any CPU
		{8DD71FFE-8189-413D-AAF8-6FAE0B971236}.Release|Any CPU.ActiveCfg = Release|Any CPU
		{8DD71FFE-8189-413D-AAF8-6FAE0B971236}.Release|Any CPU.Build.0 = Release|Any CPU
	EndGlobalSection
	GlobalSection(SolutionProperties) = preSolution
		HideSolutionNode = FALSE
	EndGlobalSection
	GlobalSection(ExtensibilityGlobals) = postSolution
		SolutionGuid = {EE2DF861-E387-4DB4-A136-145B6B9397C1}
	EndGlobalSection
EndGlobal
