
Microsoft Visual Studio Solution File, Format Version 12.00
# Visual Studio Version 16
VisualStudioVersion = 16.0.32126.315
MinimumVisualStudioVersion = 10.0.40219.1
Project("{FAE04EC0-301F-11D3-BF4B-00C04F79EFBC}") = "Diziyi Alfabetik Siralama", "Diziyi Alfabetik Siralama\Diziyi Alfabetik Siralama.csproj", "{6CEC7DD2-303C-46C5-ACAF-AE5AF61B9DE1}"
EndProject
Global
	GlobalSection(SolutionConfigurationPlatforms) = preSolution
		Debug|Any CPU = Debug|Any CPU
		Release|Any CPU = Release|Any CPU
	EndGlobalSection
	GlobalSection(ProjectConfigurationPlatforms) = postSolution
		{6CEC7DD2-303C-46C5-ACAF-AE5AF61B9DE1}.Debug|Any CPU.ActiveCfg = Debug|Any CPU
		{6CEC7DD2-303C-46C5-ACAF-AE5AF61B9DE1}.Debug|Any CPU.Build.0 = Debug|Any CPU
		{6CEC7DD2-303C-46C5-ACAF-AE5AF61B9DE1}.Release|Any CPU.ActiveCfg = Release|Any CPU
		{6CEC7DD2-303C-46C5-ACAF-AE5AF61B9DE1}.Release|Any CPU.Build.0 = Release|Any CPU
	EndGlobalSection
	GlobalSection(SolutionProperties) = preSolution
		HideSolutionNode = FALSE
	EndGlobalSection
	GlobalSection(ExtensibilityGlobals) = postSolution
		SolutionGuid = {D7592E84-E1A2-458C-B747-FF40F5A882F3}
	EndGlobalSection
EndGlobal
