
Microsoft Visual Studio Solution File, Format Version 12.00
# Visual Studio Version 16
VisualStudioVersion = 16.0.32126.315
MinimumVisualStudioVersion = 10.0.40219.1
Project("{FAE04EC0-301F-11D3-BF4B-00C04F79EFBC}") = "Girilen Sayiya Gore Islem", "Girilen Sayiya Gore Islem\Girilen Sayiya Gore Islem.csproj", "{6E6DFE02-09E4-4846-9178-7E4791CF1ABE}"
EndProject
Global
	GlobalSection(SolutionConfigurationPlatforms) = preSolution
		Debug|Any CPU = Debug|Any CPU
		Release|Any CPU = Release|Any CPU
	EndGlobalSection
	GlobalSection(ProjectConfigurationPlatforms) = postSolution
		{6E6DFE02-09E4-4846-9178-7E4791CF1ABE}.Debug|Any CPU.ActiveCfg = Debug|Any CPU
		{6E6DFE02-09E4-4846-9178-7E4791CF1ABE}.Debug|Any CPU.Build.0 = Debug|Any CPU
		{6E6DFE02-09E4-4846-9178-7E4791CF1ABE}.Release|Any CPU.ActiveCfg = Release|Any CPU
		{6E6DFE02-09E4-4846-9178-7E4791CF1ABE}.Release|Any CPU.Build.0 = Release|Any CPU
	EndGlobalSection
	GlobalSection(SolutionProperties) = preSolution
		HideSolutionNode = FALSE
	EndGlobalSection
	GlobalSection(ExtensibilityGlobals) = postSolution
		SolutionGuid = {30B97FB1-7346-4608-BAE9-BC89B1EE870D}
	EndGlobalSection
EndGlobal
